
Microsoft Visual Studio Solution File, Format Version 12.00
# Visual Studio 2013
VisualStudioVersion = 12.0.21005.1
MinimumVisualStudioVersion = 10.0.40219.1
Project("{FAE04EC0-301F-11D3-BF4B-00C04F79EFBC}") = "JaggedArray.Library", "JaggedArray.Library\JaggedArray.Library.csproj", "{930FD85B-596D-4B83-85C6-07CEC9253640}"
EndProject
Project("{FAE04EC0-301F-11D3-BF4B-00C04F79EFBC}") = "Nod.Library", "Nod.Library\Nod.Library.csproj", "{0EE062FC-A3EA-4A21-A2CE-8BCDF65CC93A}"
EndProject
Project("{FAE04EC0-301F-11D3-BF4B-00C04F79EFBC}") = "Books.Library", "Books.Library\Books.Library.csproj", "{0FA35CA3-C958-4004-9BE5-3E91B5F16192}"
EndProject
Project("{2150E333-8FDC-42A3-9474-1A3956D46DE8}") = "Books", "Books", "{5D318D2F-A52B-41E1-83F7-5E9D84D9F12C}"
EndProject
Project("{2150E333-8FDC-42A3-9474-1A3956D46DE8}") = "JaggedArray", "JaggedArray", "{4CF8F508-7230-4587-B33B-B010E7F0C1B4}"
EndProject
Project("{2150E333-8FDC-42A3-9474-1A3956D46DE8}") = "Nod", "Nod", "{E3927A38-5389-476C-B559-93F3066230E6}"
EndProject
Project("{FAE04EC0-301F-11D3-BF4B-00C04F79EFBC}") = "JaggedArray.Test", "JaggedArray.Test\JaggedArray.Test.csproj", "{2545235A-01AA-4C63-B455-CDF7F394BDCA}"
EndProject
Project("{FAE04EC0-301F-11D3-BF4B-00C04F79EFBC}") = "Nod.Test", "Nod.Test\Nod.Test.csproj", "{C9E37C83-8B90-4B17-8DFC-7004891AE610}"
EndProject
Global
	GlobalSection(SolutionConfigurationPlatforms) = preSolution
		Debug|Any CPU = Debug|Any CPU
		Release|Any CPU = Release|Any CPU
	EndGlobalSection
	GlobalSection(ProjectConfigurationPlatforms) = postSolution
		{930FD85B-596D-4B83-85C6-07CEC9253640}.Debug|Any CPU.ActiveCfg = Debug|Any CPU
		{930FD85B-596D-4B83-85C6-07CEC9253640}.Debug|Any CPU.Build.0 = Debug|Any CPU
		{930FD85B-596D-4B83-85C6-07CEC9253640}.Release|Any CPU.ActiveCfg = Release|Any CPU
		{930FD85B-596D-4B83-85C6-07CEC9253640}.Release|Any CPU.Build.0 = Release|Any CPU
		{0EE062FC-A3EA-4A21-A2CE-8BCDF65CC93A}.Debug|Any CPU.ActiveCfg = Debug|Any CPU
		{0EE062FC-A3EA-4A21-A2CE-8BCDF65CC93A}.Debug|Any CPU.Build.0 = Debug|Any CPU
		{0EE062FC-A3EA-4A21-A2CE-8BCDF65CC93A}.Release|Any CPU.ActiveCfg = Release|Any CPU
		{0EE062FC-A3EA-4A21-A2CE-8BCDF65CC93A}.Release|Any CPU.Build.0 = Release|Any CPU
		{0FA35CA3-C958-4004-9BE5-3E91B5F16192}.Debug|Any CPU.ActiveCfg = Debug|Any CPU
		{0FA35CA3-C958-4004-9BE5-3E91B5F16192}.Debug|Any CPU.Build.0 = Debug|Any CPU
		{0FA35CA3-C958-4004-9BE5-3E91B5F16192}.Release|Any CPU.ActiveCfg = Release|Any CPU
		{0FA35CA3-C958-4004-9BE5-3E91B5F16192}.Release|Any CPU.Build.0 = Release|Any CPU
		{2545235A-01AA-4C63-B455-CDF7F394BDCA}.Debug|Any CPU.ActiveCfg = Debug|Any CPU
		{2545235A-01AA-4C63-B455-CDF7F394BDCA}.Debug|Any CPU.Build.0 = Debug|Any CPU
		{2545235A-01AA-4C63-B455-CDF7F394BDCA}.Release|Any CPU.ActiveCfg = Release|Any CPU
		{2545235A-01AA-4C63-B455-CDF7F394BDCA}.Release|Any CPU.Build.0 = Release|Any CPU
		{C9E37C83-8B90-4B17-8DFC-7004891AE610}.Debug|Any CPU.ActiveCfg = Debug|Any CPU
		{C9E37C83-8B90-4B17-8DFC-7004891AE610}.Debug|Any CPU.Build.0 = Debug|Any CPU
		{C9E37C83-8B90-4B17-8DFC-7004891AE610}.Release|Any CPU.ActiveCfg = Release|Any CPU
		{C9E37C83-8B90-4B17-8DFC-7004891AE610}.Release|Any CPU.Build.0 = Release|Any CPU
	EndGlobalSection
	GlobalSection(SolutionProperties) = preSolution
		HideSolutionNode = FALSE
	EndGlobalSection
	GlobalSection(NestedProjects) = preSolution
		{0FA35CA3-C958-4004-9BE5-3E91B5F16192} = {5D318D2F-A52B-41E1-83F7-5E9D84D9F12C}
		{930FD85B-596D-4B83-85C6-07CEC9253640} = {4CF8F508-7230-4587-B33B-B010E7F0C1B4}
		{2545235A-01AA-4C63-B455-CDF7F394BDCA} = {4CF8F508-7230-4587-B33B-B010E7F0C1B4}
		{0EE062FC-A3EA-4A21-A2CE-8BCDF65CC93A} = {E3927A38-5389-476C-B559-93F3066230E6}
		{C9E37C83-8B90-4B17-8DFC-7004891AE610} = {E3927A38-5389-476C-B559-93F3066230E6}
	EndGlobalSection
EndGlobal
