
Microsoft Visual Studio Solution File, Format Version 12.00
# Visual Studio 2013
VisualStudioVersion = 12.0.21005.1
MinimumVisualStudioVersion = 10.0.40219.1
Project("{FAE04EC0-301F-11D3-BF4B-00C04F79EFBC}") = "JaggedArraySorter.Task1.Library", "JaggeArraySorter.Task1.Library\JaggedArraySorter.Task1.Library.csproj", "{0F6DF1C7-5F8B-4B91-979C-421D999E25E4}"
EndProject
Project("{FAE04EC0-301F-11D3-BF4B-00C04F79EFBC}") = "BookStorage.Task1.Library", "BookStorage.Task1.Library\BookStorage.Task1.Library.csproj", "{3EBE83A7-140E-442A-A8DD-CC011F6D5D3A}"
EndProject
Project("{FAE04EC0-301F-11D3-BF4B-00C04F79EFBC}") = "Nod.Task3.Library", "Nod.Task3.Library\Nod.Task3.Library.csproj", "{A800E908-AE9B-4A4A-B776-96283E3C77FD}"
EndProject
Global
	GlobalSection(SolutionConfigurationPlatforms) = preSolution
		Debug|Any CPU = Debug|Any CPU
		Release|Any CPU = Release|Any CPU
	EndGlobalSection
	GlobalSection(ProjectConfigurationPlatforms) = postSolution
		{0F6DF1C7-5F8B-4B91-979C-421D999E25E4}.Debug|Any CPU.ActiveCfg = Debug|Any CPU
		{0F6DF1C7-5F8B-4B91-979C-421D999E25E4}.Debug|Any CPU.Build.0 = Debug|Any CPU
		{0F6DF1C7-5F8B-4B91-979C-421D999E25E4}.Release|Any CPU.ActiveCfg = Release|Any CPU
		{0F6DF1C7-5F8B-4B91-979C-421D999E25E4}.Release|Any CPU.Build.0 = Release|Any CPU
		{3EBE83A7-140E-442A-A8DD-CC011F6D5D3A}.Debug|Any CPU.ActiveCfg = Debug|Any CPU
		{3EBE83A7-140E-442A-A8DD-CC011F6D5D3A}.Debug|Any CPU.Build.0 = Debug|Any CPU
		{3EBE83A7-140E-442A-A8DD-CC011F6D5D3A}.Release|Any CPU.ActiveCfg = Release|Any CPU
		{3EBE83A7-140E-442A-A8DD-CC011F6D5D3A}.Release|Any CPU.Build.0 = Release|Any CPU
		{A800E908-AE9B-4A4A-B776-96283E3C77FD}.Debug|Any CPU.ActiveCfg = Debug|Any CPU
		{A800E908-AE9B-4A4A-B776-96283E3C77FD}.Debug|Any CPU.Build.0 = Debug|Any CPU
		{A800E908-AE9B-4A4A-B776-96283E3C77FD}.Release|Any CPU.ActiveCfg = Release|Any CPU
		{A800E908-AE9B-4A4A-B776-96283E3C77FD}.Release|Any CPU.Build.0 = Release|Any CPU
	EndGlobalSection
	GlobalSection(SolutionProperties) = preSolution
		HideSolutionNode = FALSE
	EndGlobalSection
EndGlobal
